
Microsoft Visual Studio Solution File, Format Version 12.00
# Visual Studio 14
VisualStudioVersion = 14.0.25420.1
MinimumVisualStudioVersion = 10.0.40219.1
Project("{FAE04EC0-301F-11D3-BF4B-00C04F79EFBC}") = "SampleListView.Android", "SampleListView\SampleListView.Android\SampleListView.Android.csproj", "{BF63FFA1-4A3E-44E7-A2DC-6A9C19A0DCAC}"
EndProject
Project("{FAE04EC0-301F-11D3-BF4B-00C04F79EFBC}") = "SampleListView", "SampleListView\SampleListView\SampleListView.csproj", "{7BC7F779-8C9C-4B55-86EB-EBB72B0B8E64}"
EndProject
Project("{FAE04EC0-301F-11D3-BF4B-00C04F79EFBC}") = "SampleListView.UWP", "SampleListView\SampleListView.UWP\SampleListView.UWP.csproj", "{F076FA78-945E-4510-B567-5AB51E4E97CA}"
EndProject
Project("{FAE04EC0-301F-11D3-BF4B-00C04F79EFBC}") = "SampleListView.iOS", "SampleListView\SampleListView.iOS\SampleListView.iOS.csproj", "{B3E72438-7780-4D86-8DBF-45639789677B}"
EndProject
Global
	GlobalSection(SolutionConfigurationPlatforms) = preSolution
		Ad-Hoc|Any CPU = Ad-Hoc|Any CPU
		Ad-Hoc|ARM = Ad-Hoc|ARM
		Ad-Hoc|iPhone = Ad-Hoc|iPhone
		Ad-Hoc|iPhoneSimulator = Ad-Hoc|iPhoneSimulator
		Ad-Hoc|x64 = Ad-Hoc|x64
		Ad-Hoc|x86 = Ad-Hoc|x86
		AppStore|Any CPU = AppStore|Any CPU
		AppStore|ARM = AppStore|ARM
		AppStore|iPhone = AppStore|iPhone
		AppStore|iPhoneSimulator = AppStore|iPhoneSimulator
		AppStore|x64 = AppStore|x64
		AppStore|x86 = AppStore|x86
		Debug|Any CPU = Debug|Any CPU
		Debug|ARM = Debug|ARM
		Debug|iPhone = Debug|iPhone
		Debug|iPhoneSimulator = Debug|iPhoneSimulator
		Debug|x64 = Debug|x64
		Debug|x86 = Debug|x86
		Release|Any CPU = Release|Any CPU
		Release|ARM = Release|ARM
		Release|iPhone = Release|iPhone
		Release|iPhoneSimulator = Release|iPhoneSimulator
		Release|x64 = Release|x64
		Release|x86 = Release|x86
	EndGlobalSection
	GlobalSection(ProjectConfigurationPlatforms) = postSolution
		{BF63FFA1-4A3E-44E7-A2DC-6A9C19A0DCAC}.Ad-Hoc|Any CPU.ActiveCfg = Release|Any CPU
		{BF63FFA1-4A3E-44E7-A2DC-6A9C19A0DCAC}.Ad-Hoc|Any CPU.Build.0 = Release|Any CPU
		{BF63FFA1-4A3E-44E7-A2DC-6A9C19A0DCAC}.Ad-Hoc|Any CPU.Deploy.0 = Release|Any CPU
		{BF63FFA1-4A3E-44E7-A2DC-6A9C19A0DCAC}.Ad-Hoc|ARM.ActiveCfg = Release|Any CPU
		{BF63FFA1-4A3E-44E7-A2DC-6A9C19A0DCAC}.Ad-Hoc|ARM.Build.0 = Release|Any CPU
		{BF63FFA1-4A3E-44E7-A2DC-6A9C19A0DCAC}.Ad-Hoc|ARM.Deploy.0 = Release|Any CPU
		{BF63FFA1-4A3E-44E7-A2DC-6A9C19A0DCAC}.Ad-Hoc|iPhone.ActiveCfg = Release|Any CPU
		{BF63FFA1-4A3E-44E7-A2DC-6A9C19A0DCAC}.Ad-Hoc|iPhone.Build.0 = Release|Any CPU
		{BF63FFA1-4A3E-44E7-A2DC-6A9C19A0DCAC}.Ad-Hoc|iPhone.Deploy.0 = Release|Any CPU
		{BF63FFA1-4A3E-44E7-A2DC-6A9C19A0DCAC}.Ad-Hoc|iPhoneSimulator.ActiveCfg = Release|Any CPU
		{BF63FFA1-4A3E-44E7-A2DC-6A9C19A0DCAC}.Ad-Hoc|iPhoneSimulator.Build.0 = Release|Any CPU
		{BF63FFA1-4A3E-44E7-A2DC-6A9C19A0DCAC}.Ad-Hoc|iPhoneSimulator.Deploy.0 = Release|Any CPU
		{BF63FFA1-4A3E-44E7-A2DC-6A9C19A0DCAC}.Ad-Hoc|x64.ActiveCfg = Release|Any CPU
		{BF63FFA1-4A3E-44E7-A2DC-6A9C19A0DCAC}.Ad-Hoc|x64.Build.0 = Release|Any CPU
		{BF63FFA1-4A3E-44E7-A2DC-6A9C19A0DCAC}.Ad-Hoc|x64.Deploy.0 = Release|Any CPU
		{BF63FFA1-4A3E-44E7-A2DC-6A9C19A0DCAC}.Ad-Hoc|x86.ActiveCfg = Release|Any CPU
		{BF63FFA1-4A3E-44E7-A2DC-6A9C19A0DCAC}.Ad-Hoc|x86.Build.0 = Release|Any CPU
		{BF63FFA1-4A3E-44E7-A2DC-6A9C19A0DCAC}.Ad-Hoc|x86.Deploy.0 = Release|Any CPU
		{BF63FFA1-4A3E-44E7-A2DC-6A9C19A0DCAC}.AppStore|Any CPU.ActiveCfg = Release|Any CPU
		{BF63FFA1-4A3E-44E7-A2DC-6A9C19A0DCAC}.AppStore|Any CPU.Build.0 = Release|Any CPU
		{BF63FFA1-4A3E-44E7-A2DC-6A9C19A0DCAC}.AppStore|Any CPU.Deploy.0 = Release|Any CPU
		{BF63FFA1-4A3E-44E7-A2DC-6A9C19A0DCAC}.AppStore|ARM.ActiveCfg = Release|Any CPU
		{BF63FFA1-4A3E-44E7-A2DC-6A9C19A0DCAC}.AppStore|ARM.Build.0 = Release|Any CPU
		{BF63FFA1-4A3E-44E7-A2DC-6A9C19A0DCAC}.AppStore|ARM.Deploy.0 = Release|Any CPU
		{BF63FFA1-4A3E-44E7-A2DC-6A9C19A0DCAC}.AppStore|iPhone.ActiveCfg = Release|Any CPU
		{BF63FFA1-4A3E-44E7-A2DC-6A9C19A0DCAC}.AppStore|iPhone.Build.0 = Release|Any CPU
		{BF63FFA1-4A3E-44E7-A2DC-6A9C19A0DCAC}.AppStore|iPhone.Deploy.0 = Release|Any CPU
		{BF63FFA1-4A3E-44E7-A2DC-6A9C19A0DCAC}.AppStore|iPhoneSimulator.ActiveCfg = Release|Any CPU
		{BF63FFA1-4A3E-44E7-A2DC-6A9C19A0DCAC}.AppStore|iPhoneSimulator.Build.0 = Release|Any CPU
		{BF63FFA1-4A3E-44E7-A2DC-6A9C19A0DCAC}.AppStore|iPhoneSimulator.Deploy.0 = Release|Any CPU
		{BF63FFA1-4A3E-44E7-A2DC-6A9C19A0DCAC}.AppStore|x64.ActiveCfg = Release|Any CPU
		{BF63FFA1-4A3E-44E7-A2DC-6A9C19A0DCAC}.AppStore|x64.Build.0 = Release|Any CPU
		{BF63FFA1-4A3E-44E7-A2DC-6A9C19A0DCAC}.AppStore|x64.Deploy.0 = Release|Any CPU
		{BF63FFA1-4A3E-44E7-A2DC-6A9C19A0DCAC}.AppStore|x86.ActiveCfg = Release|Any CPU
		{BF63FFA1-4A3E-44E7-A2DC-6A9C19A0DCAC}.AppStore|x86.Build.0 = Release|Any CPU
		{BF63FFA1-4A3E-44E7-A2DC-6A9C19A0DCAC}.AppStore|x86.Deploy.0 = Release|Any CPU
		{BF63FFA1-4A3E-44E7-A2DC-6A9C19A0DCAC}.Debug|Any CPU.ActiveCfg = Debug|Any CPU
		{BF63FFA1-4A3E-44E7-A2DC-6A9C19A0DCAC}.Debug|Any CPU.Build.0 = Debug|Any CPU
		{BF63FFA1-4A3E-44E7-A2DC-6A9C19A0DCAC}.Debug|Any CPU.Deploy.0 = Debug|Any CPU
		{BF63FFA1-4A3E-44E7-A2DC-6A9C19A0DCAC}.Debug|ARM.ActiveCfg = Debug|Any CPU
		{BF63FFA1-4A3E-44E7-A2DC-6A9C19A0DCAC}.Debug|ARM.Build.0 = Debug|Any CPU
		{BF63FFA1-4A3E-44E7-A2DC-6A9C19A0DCAC}.Debug|ARM.Deploy.0 = Debug|Any CPU
		{BF63FFA1-4A3E-44E7-A2DC-6A9C19A0DCAC}.Debug|iPhone.ActiveCfg = Debug|Any CPU
		{BF63FFA1-4A3E-44E7-A2DC-6A9C19A0DCAC}.Debug|iPhone.Build.0 = Debug|Any CPU
		{BF63FFA1-4A3E-44E7-A2DC-6A9C19A0DCAC}.Debug|iPhone.Deploy.0 = Debug|Any CPU
		{BF63FFA1-4A3E-44E7-A2DC-6A9C19A0DCAC}.Debug|iPhoneSimulator.ActiveCfg = Debug|Any CPU
		{BF63FFA1-4A3E-44E7-A2DC-6A9C19A0DCAC}.Debug|iPhoneSimulator.Build.0 = Debug|Any CPU
		{BF63FFA1-4A3E-44E7-A2DC-6A9C19A0DCAC}.Debug|iPhoneSimulator.Deploy.0 = Debug|Any CPU
		{BF63FFA1-4A3E-44E7-A2DC-6A9C19A0DCAC}.Debug|x64.ActiveCfg = Debug|Any CPU
		{BF63FFA1-4A3E-44E7-A2DC-6A9C19A0DCAC}.Debug|x64.Build.0 = Debug|Any CPU
		{BF63FFA1-4A3E-44E7-A2DC-6A9C19A0DCAC}.Debug|x64.Deploy.0 = Debug|Any CPU
		{BF63FFA1-4A3E-44E7-A2DC-6A9C19A0DCAC}.Debug|x86.ActiveCfg = Debug|Any CPU
		{BF63FFA1-4A3E-44E7-A2DC-6A9C19A0DCAC}.Debug|x86.Build.0 = Debug|Any CPU
		{BF63FFA1-4A3E-44E7-A2DC-6A9C19A0DCAC}.Debug|x86.Deploy.0 = Debug|Any CPU
		{BF63FFA1-4A3E-44E7-A2DC-6A9C19A0DCAC}.Release|Any CPU.ActiveCfg = Release|Any CPU
		{BF63FFA1-4A3E-44E7-A2DC-6A9C19A0DCAC}.Release|Any CPU.Build.0 = Release|Any CPU
		{BF63FFA1-4A3E-44E7-A2DC-6A9C19A0DCAC}.Release|Any CPU.Deploy.0 = Release|Any CPU
		{BF63FFA1-4A3E-44E7-A2DC-6A9C19A0DCAC}.Release|ARM.ActiveCfg = Release|Any CPU
		{BF63FFA1-4A3E-44E7-A2DC-6A9C19A0DCAC}.Release|ARM.Build.0 = Release|Any CPU
		{BF63FFA1-4A3E-44E7-A2DC-6A9C19A0DCAC}.Release|ARM.Deploy.0 = Release|Any CPU
		{BF63FFA1-4A3E-44E7-A2DC-6A9C19A0DCAC}.Release|iPhone.ActiveCfg = Release|Any CPU
		{BF63FFA1-4A3E-44E7-A2DC-6A9C19A0DCAC}.Release|iPhone.Build.0 = Release|Any CPU
		{BF63FFA1-4A3E-44E7-A2DC-6A9C19A0DCAC}.Release|iPhone.Deploy.0 = Release|Any CPU
		{BF63FFA1-4A3E-44E7-A2DC-6A9C19A0DCAC}.Release|iPhoneSimulator.ActiveCfg = Release|Any CPU
		{BF63FFA1-4A3E-44E7-A2DC-6A9C19A0DCAC}.Release|iPhoneSimulator.Build.0 = Release|Any CPU
		{BF63FFA1-4A3E-44E7-A2DC-6A9C19A0DCAC}.Release|iPhoneSimulator.Deploy.0 = Release|Any CPU
		{BF63FFA1-4A3E-44E7-A2DC-6A9C19A0DCAC}.Release|x64.ActiveCfg = Release|Any CPU
		{BF63FFA1-4A3E-44E7-A2DC-6A9C19A0DCAC}.Release|x64.Build.0 = Release|Any CPU
		{BF63FFA1-4A3E-44E7-A2DC-6A9C19A0DCAC}.Release|x64.Deploy.0 = Release|Any CPU
		{BF63FFA1-4A3E-44E7-A2DC-6A9C19A0DCAC}.Release|x86.ActiveCfg = Release|Any CPU
		{BF63FFA1-4A3E-44E7-A2DC-6A9C19A0DCAC}.Release|x86.Build.0 = Release|Any CPU
		{BF63FFA1-4A3E-44E7-A2DC-6A9C19A0DCAC}.Release|x86.Deploy.0 = Release|Any CPU
		{7BC7F779-8C9C-4B55-86EB-EBB72B0B8E64}.Ad-Hoc|Any CPU.ActiveCfg = Release|Any CPU
		{7BC7F779-8C9C-4B55-86EB-EBB72B0B8E64}.Ad-Hoc|Any CPU.Build.0 = Release|Any CPU
		{7BC7F779-8C9C-4B55-86EB-EBB72B0B8E64}.Ad-Hoc|ARM.ActiveCfg = Release|Any CPU
		{7BC7F779-8C9C-4B55-86EB-EBB72B0B8E64}.Ad-Hoc|ARM.Build.0 = Release|Any CPU
		{7BC7F779-8C9C-4B55-86EB-EBB72B0B8E64}.Ad-Hoc|iPhone.ActiveCfg = Release|Any CPU
		{7BC7F779-8C9C-4B55-86EB-EBB72B0B8E64}.Ad-Hoc|iPhone.Build.0 = Release|Any CPU
		{7BC7F779-8C9C-4B55-86EB-EBB72B0B8E64}.Ad-Hoc|iPhoneSimulator.ActiveCfg = Release|Any CPU
		{7BC7F779-8C9C-4B55-86EB-EBB72B0B8E64}.Ad-Hoc|iPhoneSimulator.Build.0 = Release|Any CPU
		{7BC7F779-8C9C-4B55-86EB-EBB72B0B8E64}.Ad-Hoc|x64.ActiveCfg = Release|Any CPU
		{7BC7F779-8C9C-4B55-86EB-EBB72B0B8E64}.Ad-Hoc|x64.Build.0 = Release|Any CPU
		{7BC7F779-8C9C-4B55-86EB-EBB72B0B8E64}.Ad-Hoc|x86.ActiveCfg = Release|Any CPU
		{7BC7F779-8C9C-4B55-86EB-EBB72B0B8E64}.Ad-Hoc|x86.Build.0 = Release|Any CPU
		{7BC7F779-8C9C-4B55-86EB-EBB72B0B8E64}.AppStore|Any CPU.ActiveCfg = Release|Any CPU
		{7BC7F779-8C9C-4B55-86EB-EBB72B0B8E64}.AppStore|Any CPU.Build.0 = Release|Any CPU
		{7BC7F779-8C9C-4B55-86EB-EBB72B0B8E64}.AppStore|ARM.ActiveCfg = Release|Any CPU
		{7BC7F779-8C9C-4B55-86EB-EBB72B0B8E64}.AppStore|ARM.Build.0 = Release|Any CPU
		{7BC7F779-8C9C-4B55-86EB-EBB72B0B8E64}.AppStore|iPhone.ActiveCfg = Release|Any CPU
		{7BC7F779-8C9C-4B55-86EB-EBB72B0B8E64}.AppStore|iPhone.Build.0 = Release|Any CPU
		{7BC7F779-8C9C-4B55-86EB-EBB72B0B8E64}.AppStore|iPhoneSimulator.ActiveCfg = Release|Any CPU
		{7BC7F779-8C9C-4B55-86EB-EBB72B0B8E64}.AppStore|iPhoneSimulator.Build.0 = Release|Any CPU
		{7BC7F779-8C9C-4B55-86EB-EBB72B0B8E64}.AppStore|x64.ActiveCfg = Release|Any CPU
		{7BC7F779-8C9C-4B55-86EB-EBB72B0B8E64}.AppStore|x64.Build.0 = Release|Any CPU
		{7BC7F779-8C9C-4B55-86EB-EBB72B0B8E64}.AppStore|x86.ActiveCfg = Release|Any CPU
		{7BC7F779-8C9C-4B55-86EB-EBB72B0B8E64}.AppStore|x86.Build.0 = Release|Any CPU
		{7BC7F779-8C9C-4B55-86EB-EBB72B0B8E64}.Debug|Any CPU.ActiveCfg = Debug|Any CPU
		{7BC7F779-8C9C-4B55-86EB-EBB72B0B8E64}.Debug|Any CPU.Build.0 = Debug|Any CPU
		{7BC7F779-8C9C-4B55-86EB-EBB72B0B8E64}.Debug|ARM.ActiveCfg = Debug|Any CPU
		{7BC7F779-8C9C-4B55-86EB-EBB72B0B8E64}.Debug|ARM.Build.0 = Debug|Any CPU
		{7BC7F779-8C9C-4B55-86EB-EBB72B0B8E64}.Debug|iPhone.ActiveCfg = Debug|Any CPU
		{7BC7F779-8C9C-4B55-86EB-EBB72B0B8E64}.Debug|iPhone.Build.0 = Debug|Any CPU
		{7BC7F779-8C9C-4B55-86EB-EBB72B0B8E64}.Debug|iPhoneSimulator.ActiveCfg = Debug|Any CPU
		{7BC7F779-8C9C-4B55-86EB-EBB72B0B8E64}.Debug|iPhoneSimulator.Build.0 = Debug|Any CPU
		{7BC7F779-8C9C-4B55-86EB-EBB72B0B8E64}.Debug|x64.ActiveCfg = Debug|Any CPU
		{7BC7F779-8C9C-4B55-86EB-EBB72B0B8E64}.Debug|x64.Build.0 = Debug|Any CPU
		{7BC7F779-8C9C-4B55-86EB-EBB72B0B8E64}.Debug|x86.ActiveCfg = Debug|Any CPU
		{7BC7F779-8C9C-4B55-86EB-EBB72B0B8E64}.Debug|x86.Build.0 = Debug|Any CPU
		{7BC7F779-8C9C-4B55-86EB-EBB72B0B8E64}.Release|Any CPU.ActiveCfg = Release|Any CPU
		{7BC7F779-8C9C-4B55-86EB-EBB72B0B8E64}.Release|Any CPU.Build.0 = Release|Any CPU
		{7BC7F779-8C9C-4B55-86EB-EBB72B0B8E64}.Release|ARM.ActiveCfg = Release|Any CPU
		{7BC7F779-8C9C-4B55-86EB-EBB72B0B8E64}.Release|ARM.Build.0 = Release|Any CPU
		{7BC7F779-8C9C-4B55-86EB-EBB72B0B8E64}.Release|iPhone.ActiveCfg = Release|Any CPU
		{7BC7F779-8C9C-4B55-86EB-EBB72B0B8E64}.Release|iPhone.Build.0 = Release|Any CPU
		{7BC7F779-8C9C-4B55-86EB-EBB72B0B8E64}.Release|iPhoneSimulator.ActiveCfg = Release|Any CPU
		{7BC7F779-8C9C-4B55-86EB-EBB72B0B8E64}.Release|iPhoneSimulator.Build.0 = Release|Any CPU
		{7BC7F779-8C9C-4B55-86EB-EBB72B0B8E64}.Release|x64.ActiveCfg = Release|Any CPU
		{7BC7F779-8C9C-4B55-86EB-EBB72B0B8E64}.Release|x64.Build.0 = Release|Any CPU
		{7BC7F779-8C9C-4B55-86EB-EBB72B0B8E64}.Release|x86.ActiveCfg = Release|Any CPU
		{7BC7F779-8C9C-4B55-86EB-EBB72B0B8E64}.Release|x86.Build.0 = Release|Any CPU
		{F076FA78-945E-4510-B567-5AB51E4E97CA}.Ad-Hoc|Any CPU.ActiveCfg = Release|x86
		{F076FA78-945E-4510-B567-5AB51E4E97CA}.Ad-Hoc|Any CPU.Build.0 = Release|x86
		{F076FA78-945E-4510-B567-5AB51E4E97CA}.Ad-Hoc|Any CPU.Deploy.0 = Release|x86
		{F076FA78-945E-4510-B567-5AB51E4E97CA}.Ad-Hoc|ARM.ActiveCfg = Release|ARM
		{F076FA78-945E-4510-B567-5AB51E4E97CA}.Ad-Hoc|ARM.Build.0 = Release|ARM
		{F076FA78-945E-4510-B567-5AB51E4E97CA}.Ad-Hoc|ARM.Deploy.0 = Release|ARM
		{F076FA78-945E-4510-B567-5AB51E4E97CA}.Ad-Hoc|iPhone.ActiveCfg = Release|x86
		{F076FA78-945E-4510-B567-5AB51E4E97CA}.Ad-Hoc|iPhone.Build.0 = Release|x86
		{F076FA78-945E-4510-B567-5AB51E4E97CA}.Ad-Hoc|iPhone.Deploy.0 = Release|x86
		{F076FA78-945E-4510-B567-5AB51E4E97CA}.Ad-Hoc|iPhoneSimulator.ActiveCfg = Release|x86
		{F076FA78-945E-4510-B567-5AB51E4E97CA}.Ad-Hoc|iPhoneSimulator.Build.0 = Release|x86
		{F076FA78-945E-4510-B567-5AB51E4E97CA}.Ad-Hoc|iPhoneSimulator.Deploy.0 = Release|x86
		{F076FA78-945E-4510-B567-5AB51E4E97CA}.Ad-Hoc|x64.ActiveCfg = Release|x64
		{F076FA78-945E-4510-B567-5AB51E4E97CA}.Ad-Hoc|x64.Build.0 = Release|x64
		{F076FA78-945E-4510-B567-5AB51E4E97CA}.Ad-Hoc|x64.Deploy.0 = Release|x64
		{F076FA78-945E-4510-B567-5AB51E4E97CA}.Ad-Hoc|x86.ActiveCfg = Release|x86
		{F076FA78-945E-4510-B567-5AB51E4E97CA}.Ad-Hoc|x86.Build.0 = Release|x86
		{F076FA78-945E-4510-B567-5AB51E4E97CA}.Ad-Hoc|x86.Deploy.0 = Release|x86
		{F076FA78-945E-4510-B567-5AB51E4E97CA}.AppStore|Any CPU.ActiveCfg = Release|x86
		{F076FA78-945E-4510-B567-5AB51E4E97CA}.AppStore|Any CPU.Build.0 = Release|x86
		{F076FA78-945E-4510-B567-5AB51E4E97CA}.AppStore|Any CPU.Deploy.0 = Release|x86
		{F076FA78-945E-4510-B567-5AB51E4E97CA}.AppStore|ARM.ActiveCfg = Release|ARM
		{F076FA78-945E-4510-B567-5AB51E4E97CA}.AppStore|ARM.Build.0 = Release|ARM
		{F076FA78-945E-4510-B567-5AB51E4E97CA}.AppStore|ARM.Deploy.0 = Release|ARM
		{F076FA78-945E-4510-B567-5AB51E4E97CA}.AppStore|iPhone.ActiveCfg = Release|x86
		{F076FA78-945E-4510-B567-5AB51E4E97CA}.AppStore|iPhone.Build.0 = Release|x86
		{F076FA78-945E-4510-B567-5AB51E4E97CA}.AppStore|iPhone.Deploy.0 = Release|x86
		{F076FA78-945E-4510-B567-5AB51E4E97CA}.AppStore|iPhoneSimulator.ActiveCfg = Release|x86
		{F076FA78-945E-4510-B567-5AB51E4E97CA}.AppStore|iPhoneSimulator.Build.0 = Release|x86
		{F076FA78-945E-4510-B567-5AB51E4E97CA}.AppStore|iPhoneSimulator.Deploy.0 = Release|x86
		{F076FA78-945E-4510-B567-5AB51E4E97CA}.AppStore|x64.ActiveCfg = Release|x64
		{F076FA78-945E-4510-B567-5AB51E4E97CA}.AppStore|x64.Build.0 = Release|x64
		{F076FA78-945E-4510-B567-5AB51E4E97CA}.AppStore|x64.Deploy.0 = Release|x64
		{F076FA78-945E-4510-B567-5AB51E4E97CA}.AppStore|x86.ActiveCfg = Release|x86
		{F076FA78-945E-4510-B567-5AB51E4E97CA}.AppStore|x86.Build.0 = Release|x86
		{F076FA78-945E-4510-B567-5AB51E4E97CA}.AppStore|x86.Deploy.0 = Release|x86
		{F076FA78-945E-4510-B567-5AB51E4E97CA}.Debug|Any CPU.ActiveCfg = Debug|x86
		{F076FA78-945E-4510-B567-5AB51E4E97CA}.Debug|ARM.ActiveCfg = Debug|ARM
		{F076FA78-945E-4510-B567-5AB51E4E97CA}.Debug|ARM.Build.0 = Debug|ARM
		{F076FA78-945E-4510-B567-5AB51E4E97CA}.Debug|ARM.Deploy.0 = Debug|ARM
		{F076FA78-945E-4510-B567-5AB51E4E97CA}.Debug|iPhone.ActiveCfg = Debug|x86
		{F076FA78-945E-4510-B567-5AB51E4E97CA}.Debug|iPhoneSimulator.ActiveCfg = Debug|x86
		{F076FA78-945E-4510-B567-5AB51E4E97CA}.Debug|x64.ActiveCfg = Debug|x64
		{F076FA78-945E-4510-B567-5AB51E4E97CA}.Debug|x64.Build.0 = Debug|x64
		{F076FA78-945E-4510-B567-5AB51E4E97CA}.Debug|x64.Deploy.0 = Debug|x64
		{F076FA78-945E-4510-B567-5AB51E4E97CA}.Debug|x86.ActiveCfg = Debug|x86
		{F076FA78-945E-4510-B567-5AB51E4E97CA}.Debug|x86.Build.0 = Debug|x86
		{F076FA78-945E-4510-B567-5AB51E4E97CA}.Debug|x86.Deploy.0 = Debug|x86
		{F076FA78-945E-4510-B567-5AB51E4E97CA}.Release|Any CPU.ActiveCfg = Release|x86
		{F076FA78-945E-4510-B567-5AB51E4E97CA}.Release|ARM.ActiveCfg = Release|ARM
		{F076FA78-945E-4510-B567-5AB51E4E97CA}.Release|ARM.Build.0 = Release|ARM
		{F076FA78-945E-4510-B567-5AB51E4E97CA}.Release|ARM.Deploy.0 = Release|ARM
		{F076FA78-945E-4510-B567-5AB51E4E97CA}.Release|iPhone.ActiveCfg = Release|x86
		{F076FA78-945E-4510-B567-5AB51E4E97CA}.Release|iPhoneSimulator.ActiveCfg = Release|x86
		{F076FA78-945E-4510-B567-5AB51E4E97CA}.Release|x64.ActiveCfg = Release|x64
		{F076FA78-945E-4510-B567-5AB51E4E97CA}.Release|x64.Build.0 = Release|x64
		{F076FA78-945E-4510-B567-5AB51E4E97CA}.Release|x64.Deploy.0 = Release|x64
		{F076FA78-945E-4510-B567-5AB51E4E97CA}.Release|x86.ActiveCfg = Release|x86
		{F076FA78-945E-4510-B567-5AB51E4E97CA}.Release|x86.Build.0 = Release|x86
		{F076FA78-945E-4510-B567-5AB51E4E97CA}.Release|x86.Deploy.0 = Release|x86
		{B3E72438-7780-4D86-8DBF-45639789677B}.Ad-Hoc|Any CPU.ActiveCfg = Ad-Hoc|iPhone
		{B3E72438-7780-4D86-8DBF-45639789677B}.Ad-Hoc|ARM.ActiveCfg = Ad-Hoc|iPhone
		{B3E72438-7780-4D86-8DBF-45639789677B}.Ad-Hoc|iPhone.ActiveCfg = Ad-Hoc|iPhone
		{B3E72438-7780-4D86-8DBF-45639789677B}.Ad-Hoc|iPhone.Build.0 = Ad-Hoc|iPhone
		{B3E72438-7780-4D86-8DBF-45639789677B}.Ad-Hoc|iPhoneSimulator.ActiveCfg = Ad-Hoc|iPhoneSimulator
		{B3E72438-7780-4D86-8DBF-45639789677B}.Ad-Hoc|iPhoneSimulator.Build.0 = Ad-Hoc|iPhoneSimulator
		{B3E72438-7780-4D86-8DBF-45639789677B}.Ad-Hoc|x64.ActiveCfg = Ad-Hoc|iPhone
		{B3E72438-7780-4D86-8DBF-45639789677B}.Ad-Hoc|x86.ActiveCfg = Ad-Hoc|iPhone
		{B3E72438-7780-4D86-8DBF-45639789677B}.AppStore|Any CPU.ActiveCfg = AppStore|iPhone
		{B3E72438-7780-4D86-8DBF-45639789677B}.AppStore|ARM.ActiveCfg = AppStore|iPhone
		{B3E72438-7780-4D86-8DBF-45639789677B}.AppStore|iPhone.ActiveCfg = AppStore|iPhone
		{B3E72438-7780-4D86-8DBF-45639789677B}.AppStore|iPhone.Build.0 = AppStore|iPhone
		{B3E72438-7780-4D86-8DBF-45639789677B}.AppStore|iPhoneSimulator.ActiveCfg = AppStore|iPhoneSimulator
		{B3E72438-7780-4D86-8DBF-45639789677B}.AppStore|iPhoneSimulator.Build.0 = AppStore|iPhoneSimulator
		{B3E72438-7780-4D86-8DBF-45639789677B}.AppStore|x64.ActiveCfg = AppStore|iPhone
		{B3E72438-7780-4D86-8DBF-45639789677B}.AppStore|x86.ActiveCfg = AppStore|iPhone
		{B3E72438-7780-4D86-8DBF-45639789677B}.Debug|Any CPU.ActiveCfg = Debug|iPhone
		{B3E72438-7780-4D86-8DBF-45639789677B}.Debug|ARM.ActiveCfg = Debug|iPhone
		{B3E72438-7780-4D86-8DBF-45639789677B}.Debug|iPhone.ActiveCfg = Debug|iPhone
		{B3E72438-7780-4D86-8DBF-45639789677B}.Debug|iPhone.Build.0 = Debug|iPhone
		{B3E72438-7780-4D86-8DBF-45639789677B}.Debug|iPhoneSimulator.ActiveCfg = Debug|iPhoneSimulator
		{B3E72438-7780-4D86-8DBF-45639789677B}.Debug|iPhoneSimulator.Build.0 = Debug|iPhoneSimulator
		{B3E72438-7780-4D86-8DBF-45639789677B}.Debug|x64.ActiveCfg = Debug|iPhone
		{B3E72438-7780-4D86-8DBF-45639789677B}.Debug|x86.ActiveCfg = Debug|iPhone
		{B3E72438-7780-4D86-8DBF-45639789677B}.Release|Any CPU.ActiveCfg = Release|iPhone
		{B3E72438-7780-4D86-8DBF-45639789677B}.Release|ARM.ActiveCfg = Release|iPhone
		{B3E72438-7780-4D86-8DBF-45639789677B}.Release|iPhone.ActiveCfg = Release|iPhone
		{B3E72438-7780-4D86-8DBF-45639789677B}.Release|iPhone.Build.0 = Release|iPhone
		{B3E72438-7780-4D86-8DBF-45639789677B}.Release|iPhoneSimulator.ActiveCfg = Release|iPhoneSimulator
		{B3E72438-7780-4D86-8DBF-45639789677B}.Release|iPhoneSimulator.Build.0 = Release|iPhoneSimulator
		{B3E72438-7780-4D86-8DBF-45639789677B}.Release|x64.ActiveCfg = Release|iPhone
		{B3E72438-7780-4D86-8DBF-45639789677B}.Release|x86.ActiveCfg = Release|iPhone
	EndGlobalSection
	GlobalSection(SolutionProperties) = preSolution
		HideSolutionNode = FALSE
	EndGlobalSection
EndGlobal
